
Microsoft Visual Studio Solution File, Format Version 12.00
# Visual Studio Version 17
VisualStudioVersion = 17.0.31903.59
MinimumVisualStudioVersion = 10.0.40219.1
Project("{2150E333-8FDC-42A3-9474-1A3956D46DE8}") = "src", "src", "{EBEE88E9-119C-4A71-81C5-C4909EEC1B5A}"
EndProject
Project("{FAE04EC0-301F-11D3-BF4B-00C04F79EFBC}") = "AutoDocOps.Domain", "src\AutoDocOps.Domain\AutoDocOps.Domain.csproj", "{C493ECF8-DF09-4D56-B2B2-BFCF3C9A8C1E}"
EndProject
Project("{FAE04EC0-301F-11D3-BF4B-00C04F79EFBC}") = "AutoDocOps.Application", "src\AutoDocOps.Application\AutoDocOps.Application.csproj", "{D5228A7D-D1F7-4C10-89CA-4DF60CCC35DD}"
EndProject
Project("{FAE04EC0-301F-11D3-BF4B-00C04F79EFBC}") = "AutoDocOps.Infrastructure", "src\AutoDocOps.Infrastructure\AutoDocOps.Infrastructure.csproj", "{08B2AC9F-3611-4281-A5B2-7EA634DD406C}"
EndProject
Project("{FAE04EC0-301F-11D3-BF4B-00C04F79EFBC}") = "AutoDocOps.WebAPI", "src\AutoDocOps.WebAPI\AutoDocOps.WebAPI.csproj", "{10A388C4-5F41-46AB-A843-08899654C653}"
EndProject
Project("{2150E333-8FDC-42A3-9474-1A3956D46DE8}") = "tests", "tests", "{926C2FBE-8E25-4C07-A9B4-7A2022C49A9C}"
EndProject
Project("{FAE04EC0-301F-11D3-BF4B-00C04F79EFBC}") = "AutoDocOps.Tests", "tests\AutoDocOps.Tests\AutoDocOps.Tests.csproj", "{F98444AF-DCE0-4D24-9133-4ADCA3A3B2DD}"
EndProject
Global
	GlobalSection(SolutionConfigurationPlatforms) = preSolution
		Debug|Any CPU = Debug|Any CPU
		Release|Any CPU = Release|Any CPU
	EndGlobalSection
	GlobalSection(SolutionProperties) = preSolution
		HideSolutionNode = FALSE
	EndGlobalSection
	GlobalSection(ProjectConfigurationPlatforms) = postSolution
		{C493ECF8-DF09-4D56-B2B2-BFCF3C9A8C1E}.Debug|Any CPU.ActiveCfg = Debug|Any CPU
		{C493ECF8-DF09-4D56-B2B2-BFCF3C9A8C1E}.Debug|Any CPU.Build.0 = Debug|Any CPU
		{C493ECF8-DF09-4D56-B2B2-BFCF3C9A8C1E}.Release|Any CPU.ActiveCfg = Release|Any CPU
		{C493ECF8-DF09-4D56-B2B2-BFCF3C9A8C1E}.Release|Any CPU.Build.0 = Release|Any CPU
		{D5228A7D-D1F7-4C10-89CA-4DF60CCC35DD}.Debug|Any CPU.ActiveCfg = Debug|Any CPU
		{D5228A7D-D1F7-4C10-89CA-4DF60CCC35DD}.Debug|Any CPU.Build.0 = Debug|Any CPU
		{D5228A7D-D1F7-4C10-89CA-4DF60CCC35DD}.Release|Any CPU.ActiveCfg = Release|Any CPU
		{D5228A7D-D1F7-4C10-89CA-4DF60CCC35DD}.Release|Any CPU.Build.0 = Release|Any CPU
		{08B2AC9F-3611-4281-A5B2-7EA634DD406C}.Debug|Any CPU.ActiveCfg = Debug|Any CPU
		{08B2AC9F-3611-4281-A5B2-7EA634DD406C}.Debug|Any CPU.Build.0 = Debug|Any CPU
		{08B2AC9F-3611-4281-A5B2-7EA634DD406C}.Release|Any CPU.ActiveCfg = Release|Any CPU
		{08B2AC9F-3611-4281-A5B2-7EA634DD406C}.Release|Any CPU.Build.0 = Release|Any CPU
		{10A388C4-5F41-46AB-A843-08899654C653}.Debug|Any CPU.ActiveCfg = Debug|Any CPU
		{10A388C4-5F41-46AB-A843-08899654C653}.Debug|Any CPU.Build.0 = Debug|Any CPU
		{10A388C4-5F41-46AB-A843-08899654C653}.Release|Any CPU.ActiveCfg = Release|Any CPU
		{10A388C4-5F41-46AB-A843-08899654C653}.Release|Any CPU.Build.0 = Release|Any CPU
		{F98444AF-DCE0-4D24-9133-4ADCA3A3B2DD}.Debug|Any CPU.ActiveCfg = Debug|Any CPU
		{F98444AF-DCE0-4D24-9133-4ADCA3A3B2DD}.Debug|Any CPU.Build.0 = Debug|Any CPU
		{F98444AF-DCE0-4D24-9133-4ADCA3A3B2DD}.Release|Any CPU.ActiveCfg = Release|Any CPU
		{F98444AF-DCE0-4D24-9133-4ADCA3A3B2DD}.Release|Any CPU.Build.0 = Release|Any CPU
	EndGlobalSection
	GlobalSection(NestedProjects) = preSolution
		{C493ECF8-DF09-4D56-B2B2-BFCF3C9A8C1E} = {EBEE88E9-119C-4A71-81C5-C4909EEC1B5A}
		{D5228A7D-D1F7-4C10-89CA-4DF60CCC35DD} = {EBEE88E9-119C-4A71-81C5-C4909EEC1B5A}
		{08B2AC9F-3611-4281-A5B2-7EA634DD406C} = {EBEE88E9-119C-4A71-81C5-C4909EEC1B5A}
		{10A388C4-5F41-46AB-A843-08899654C653} = {EBEE88E9-119C-4A71-81C5-C4909EEC1B5A}
		{F98444AF-DCE0-4D24-9133-4ADCA3A3B2DD} = {926C2FBE-8E25-4C07-A9B4-7A2022C49A9C}
	EndGlobalSection
EndGlobal
